
Microsoft Visual Studio Solution File, Format Version 12.00
# Visual Studio Version 16
VisualStudioVersion = 16.0.31129.286
MinimumVisualStudioVersion = 10.0.40219.1
Project("{FAE04EC0-301F-11D3-BF4B-00C04F79EFBC}") = "TV_laba1", "TV_laba1\TV_laba1.csproj", "{87086622-76B1-41C8-AC00-22996D5FB4A2}"
EndProject
Project("{2150E333-8FDC-42A3-9474-1A3956D46DE8}") = "Solution Items", "Solution Items", "{D72C2E7B-719E-49A5-BC6C-AD2EC6E2A449}"
EndProject
Global
	GlobalSection(SolutionConfigurationPlatforms) = preSolution
		Debug|Any CPU = Debug|Any CPU
		Release|Any CPU = Release|Any CPU
	EndGlobalSection
	GlobalSection(ProjectConfigurationPlatforms) = postSolution
		{87086622-76B1-41C8-AC00-22996D5FB4A2}.Debug|Any CPU.ActiveCfg = Debug|Any CPU
		{87086622-76B1-41C8-AC00-22996D5FB4A2}.Debug|Any CPU.Build.0 = Debug|Any CPU
		{87086622-76B1-41C8-AC00-22996D5FB4A2}.Release|Any CPU.ActiveCfg = Release|Any CPU
		{87086622-76B1-41C8-AC00-22996D5FB4A2}.Release|Any CPU.Build.0 = Release|Any CPU
	EndGlobalSection
	GlobalSection(SolutionProperties) = preSolution
		HideSolutionNode = FALSE
	EndGlobalSection
	GlobalSection(ExtensibilityGlobals) = postSolution
		SolutionGuid = {3397D052-A8C7-4369-868B-9D50A58D6E8E}
	EndGlobalSection
EndGlobal
